
Microsoft Visual Studio Solution File, Format Version 11.00
# Visual Studio 2010
Project("{FAE04EC0-301F-11D3-BF4B-00C04F79EFBC}") = "RandomNameGenerator", "RandomNameGenerator\RandomNameGenerator.csproj", "{E9E29DFF-94E9-4C67-99CC-A4631D0B194F}"
EndProject
Global
	GlobalSection(SolutionConfigurationPlatforms) = preSolution
		Debug|Any CPU = Debug|Any CPU
		Release|Any CPU = Release|Any CPU
	EndGlobalSection
	GlobalSection(ProjectConfigurationPlatforms) = postSolution
		{E9E29DFF-94E9-4C67-99CC-A4631D0B194F}.Debug|Any CPU.ActiveCfg = Debug|Any CPU
		{E9E29DFF-94E9-4C67-99CC-A4631D0B194F}.Debug|Any CPU.Build.0 = Debug|Any CPU
		{E9E29DFF-94E9-4C67-99CC-A4631D0B194F}.Release|Any CPU.ActiveCfg = Release|Any CPU
		{E9E29DFF-94E9-4C67-99CC-A4631D0B194F}.Release|Any CPU.Build.0 = Release|Any CPU
	EndGlobalSection
	GlobalSection(SolutionProperties) = preSolution
		HideSolutionNode = FALSE
	EndGlobalSection
EndGlobal
